<?xml version="1.0" encoding="utf-8"?>
<Project ToolsVersion="4.0" xmlns="http://schemas.microsoft.com/developer/msbuild/2003">
  <ItemGroup>
    <Filter Include="Source Files">
      <UniqueIdentifier>{4FC737F1-C7A5-4376-A066-2A32D752A2FF}</UniqueIdentifier>
      <Extensions>cpp;c;cc;cxx;def;odl;idl;hpj;bat;asm;asmx</Extensions>
    </Filter>
    <Filter Include="Header Files">
      <UniqueIdentifier>{93995380-89BD-4b04-88EB-625FBE52EBFB}</UniqueIdentifier>
      <Extensions>h;hh;hpp;hxx;hm;inl;inc;ipp;xsd</Extensions>
    </Filter>
    <Filter Include="Resource Files">
      <UniqueIdentifier>{67DA6AB6-F800-4c08-8B7A-83BB121AAD01}</UniqueIdentifier>
      <Extensions>rc;ico;cur;bmp;dlg;rc2;rct;bin;rgs;gif;jpg;jpeg;jpe;resx;tiff;tif;png;wav;mfcribbon-ms</Extensions>
    </Filter>
    <Filter Include="Header Files\Utilities">
      <UniqueIdentifier>{f1752ec3-b45e-4e4c-b804-774b1b28112e}</UniqueIdentifier>
    </Filter>
    <Filter Include="Header Files\Menu">
      <UniqueIdentifier>{2c699a39-de1f-4f58-b238-56cfc5082064}</UniqueIdentifier>
    </Filter>
    <Filter Include="Header Files\UI">
      <UniqueIdentifier>{812b535b-b5e1-4d31-afe7-1cc246cf24da}</UniqueIdentifier>
    </Filter>
    <Filter Include="Header Files\UI\Elements">
      <UniqueIdentifier>{1aa11fd0-d68e-4ce6-9fa5-59186b8731fa}</UniqueIdentifier>
    </Filter>
    <Filter Include="Header Files\Debug Features">
      <UniqueIdentifier>{68203726-db97-4725-a8c6-54f63e09737c}</UniqueIdentifier>
    </Filter>
    <Filter Include="Source Files\Menu">
      <UniqueIdentifier>{78337306-cc53-400a-b0b4-c4a77ee99f2c}</UniqueIdentifier>
    </Filter>
    <Filter Include="Source Files\Debug Features">
      <UniqueIdentifier>{d2e2dc0a-9c64-4f86-84de-4d21d89bf2b8}</UniqueIdentifier>
    </Filter>
    <Filter Include="Source Files\Utilites">
      <UniqueIdentifier>{5d91de35-6a6e-42df-8e6f-6dc9b30f31f4}</UniqueIdentifier>
    </Filter>
    <Filter Include="Source Files\UI">
      <UniqueIdentifier>{4bee9374-872a-40dc-9a05-08a3eda8765e}</UniqueIdentifier>
    </Filter>
    <Filter Include="Source Files\UI\Elements">
      <UniqueIdentifier>{cca5b923-678d-4f6c-95d1-9f6611c115af}</UniqueIdentifier>
    </Filter>
    <Filter Include="Source Files\XML">
      <UniqueIdentifier>{3852b1fe-ad73-4e53-bc1d-d67375602f65}</UniqueIdentifier>
    </Filter>
    <Filter Include="Source Files\Menu\Sub Menus">
      <UniqueIdentifier>{7f2735e6-1583-43ce-9998-e7216d23365d}</UniqueIdentifier>
    </Filter>
    <Filter Include="Header Files\Menu\Sub Menus">
      <UniqueIdentifier>{552f02a8-0753-4459-8e06-dd0c40336741}</UniqueIdentifier>
    </Filter>
  </ItemGroup>
  <ItemGroup>
    <None Include="build.bat" />
    <None Include="Embed.s">
      <Filter>Source Files\XML</Filter>
    </None>
    <None Include="Increment.bat">
      <Filter>Source Files\Utilites</Filter>
    </None>
  </ItemGroup>
  <ItemGroup>
    <ClCompile Include="Orbis_Toolbox.cpp">
      <Filter>Source Files</Filter>
    </ClCompile>
    <ClCompile Include="Custom_Content.cpp">
      <Filter>Source Files\Debug Features</Filter>
    </ClCompile>
    <ClCompile Include="DebugTitleIdLabel.cpp">
      <Filter>Source Files\Debug Features</Filter>
    </ClCompile>
    <ClCompile Include="Detour.cpp">
      <Filter>Source Files\Utilites</Filter>
    </ClCompile>
    <ClCompile Include="DevkitPanel.cpp">
      <Filter>Source Files\Debug Features</Filter>
    </ClCompile>
    <ClCompile Include="Label.cpp">
      <Filter>Source Files\UI\Elements</Filter>
    </ClCompile>
    <ClCompile Include="Menu.cpp">
      <Filter>Source Files\Menu</Filter>
    </ClCompile>
    <ClCompile Include="Mono.cpp">
      <Filter>Source Files\Utilites</Filter>
    </ClCompile>
    <ClCompile Include="Panel.cpp">
      <Filter>Source Files\UI\Elements</Filter>
    </ClCompile>
    <ClCompile Include="Patcher.cpp">
      <Filter>Source Files\Utilites</Filter>
    </ClCompile>
    <ClCompile Include="Settings_Menu.cpp">
      <Filter>Source Files\Menu</Filter>
    </ClCompile>
    <ClCompile Include="UI_Utilities.cpp">
      <Filter>Source Files\UI</Filter>
    </ClCompile>
    <ClCompile Include="Utilities.cpp">
      <Filter>Source Files\Utilites</Filter>
    </ClCompile>
    <ClCompile Include="Widget.cpp">
      <Filter>Source Files\UI\Elements</Filter>
    </ClCompile>
    <ClCompile Include="Config.cpp">
      <Filter>Source Files\Utilites</Filter>
    </ClCompile>
    <ClCompile Include="LncUtil.cpp">
      <Filter>Source Files\Utilites</Filter>
    </ClCompile>
    <ClCompile Include="hde64.cpp">
      <Filter>Source Files\Utilites</Filter>
    </ClCompile>
    <ClCompile Include="Game_Overlay.cpp">
      <Filter>Source Files\UI</Filter>
    </ClCompile>
    <ClCompile Include="Build_Overlay.cpp">
      <Filter>Source Files\UI</Filter>
    </ClCompile>
    <ClCompile Include="System_Monitor.cpp">
      <Filter>Source Files\Utilites</Filter>
    </ClCompile>
    <ClCompile Include="SysfileUtilWrapper.cpp">
      <Filter>Source Files\Utilites</Filter>
    </ClCompile>
    <ClCompile Include="Daemons.cpp">
      <Filter>Source Files\Menu\Sub Menus</Filter>
    </ClCompile>
    <ClCompile Include="GamePad.cpp">
      <Filter>Source Files\Utilites</Filter>
    </ClCompile>
  </ItemGroup>
  <ItemGroup>
    <ClInclude Include="Common.h">
      <Filter>Header Files</Filter>
    </ClInclude>
    <ClInclude Include="Debug_Features.h">
      <Filter>Header Files\Debug Features</Filter>
    </ClInclude>
    <ClInclude Include="Detour.h">
      <Filter>Header Files\Utilities</Filter>
    </ClInclude>
    <ClInclude Include="Label.h">
      <Filter>Header Files\UI\Elements</Filter>
    </ClInclude>
    <ClInclude Include="Menu.h">
      <Filter>Header Files\Menu</Filter>
    </ClInclude>
    <ClInclude Include="Mono.h">
      <Filter>Header Files\Utilities</Filter>
    </ClInclude>
    <ClInclude Include="Panel.h">
      <Filter>Header Files\UI\Elements</Filter>
    </ClInclude>
    <ClInclude Include="Patcher.h">
      <Filter>Header Files\Utilities</Filter>
    </ClInclude>
    <ClInclude Include="Settings_Menu.h">
      <Filter>Header Files\Menu</Filter>
    </ClInclude>
    <ClInclude Include="Utilities.h">
      <Filter>Header Files\Utilities</Filter>
    </ClInclude>
    <ClInclude Include="Version.h">
      <Filter>Header Files\Utilities</Filter>
    </ClInclude>
    <ClInclude Include="Widget.h">
      <Filter>Header Files\UI\Elements</Filter>
    </ClInclude>
    <ClInclude Include="Config.h">
      <Filter>Header Files\Utilities</Filter>
    </ClInclude>
    <ClInclude Include="LncUtil.h">
      <Filter>Header Files\Utilities</Filter>
    </ClInclude>
    <ClInclude Include="hde64.h">
      <Filter>Header Files\Utilities</Filter>
    </ClInclude>
    <ClInclude Include="table64.h">
      <Filter>Header Files\Utilities</Filter>
    </ClInclude>
    <ClInclude Include="Game_Overlay.h">
      <Filter>Header Files\UI</Filter>
    </ClInclude>
    <ClInclude Include="Build_Overlay.h">
      <Filter>Header Files\UI</Filter>
    </ClInclude>
    <ClInclude Include="UI_Utilities.h">
      <Filter>Header Files\UI</Filter>
    </ClInclude>
    <ClInclude Include="UI.h">
      <Filter>Header Files\UI</Filter>
    </ClInclude>
    <ClInclude Include="System_Monitor.h">
      <Filter>Header Files\Utilities</Filter>
    </ClInclude>
    <ClInclude Include="SysfileUtilWrapper.h">
      <Filter>Header Files\Utilities</Filter>
    </ClInclude>
    <ClInclude Include="Daemons.h">
      <Filter>Header Files\Menu\Sub Menus</Filter>
    </ClInclude>
    <ClInclude Include="GamePad.h">
      <Filter>Header Files\Utilities</Filter>
    </ClInclude>
  </ItemGroup>
  <ItemGroup>
    <Xml Include="external_hdd.xml">
      <Filter>Source Files\XML</Filter>
    </Xml>
    <Xml Include="orbis_toolbox.xml">
      <Filter>Source Files\XML</Filter>
    </Xml>
    <Xml Include="settings_root.xml">
      <Filter>Source Files\XML</Filter>
    </Xml>
  </ItemGroup>
</Project>